
Microsoft Visual Studio Solution File, Format Version 12.00
# Visual Studio Version 16
VisualStudioVersion = 16.0.30204.135
MinimumVisualStudioVersion = 10.0.40219.1
Project("{FAE04EC0-301F-11D3-BF4B-00C04F79EFBC}") = "Meetup.IntegracaoSalesForce", "Meetup.IntegracaoSalesForce\Meetup.IntegracaoSalesForce.csproj", "{2B65DAC2-729B-4A93-9F61-6E9140D220EB}"
EndProject
Global
	GlobalSection(SolutionConfigurationPlatforms) = preSolution
		Debug|Any CPU = Debug|Any CPU
		Release|Any CPU = Release|Any CPU
	EndGlobalSection
	GlobalSection(ProjectConfigurationPlatforms) = postSolution
		{2B65DAC2-729B-4A93-9F61-6E9140D220EB}.Debug|Any CPU.ActiveCfg = Debug|Any CPU
		{2B65DAC2-729B-4A93-9F61-6E9140D220EB}.Debug|Any CPU.Build.0 = Debug|Any CPU
		{2B65DAC2-729B-4A93-9F61-6E9140D220EB}.Release|Any CPU.ActiveCfg = Release|Any CPU
		{2B65DAC2-729B-4A93-9F61-6E9140D220EB}.Release|Any CPU.Build.0 = Release|Any CPU
	EndGlobalSection
	GlobalSection(SolutionProperties) = preSolution
		HideSolutionNode = FALSE
	EndGlobalSection
	GlobalSection(ExtensibilityGlobals) = postSolution
		SolutionGuid = {BC8F23BD-E20A-456D-90AB-027018C35A34}
	EndGlobalSection
EndGlobal
